// !$*UTF8*$!
{
	archiveVersion = 1;
	classes = {
	};
	objectVersion = 46;
	objects = {

/* Begin PBXBuildFile section */
		F90BCBBC1D82992D00552B5F /* AppDelegate.swift in Sources */ = {isa = PBXBuildFile; fileRef = F90BCBBB1D82992D00552B5F /* AppDelegate.swift */; };
		F90BCBBE1D82992D00552B5F /* ViewController.swift in Sources */ = {isa = PBXBuildFile; fileRef = F90BCBBD1D82992D00552B5F /* ViewController.swift */; };
		F90BCBC11D82992D00552B5F /* Main.storyboard in Resources */ = {isa = PBXBuildFile; fileRef = F90BCBBF1D82992D00552B5F /* Main.storyboard */; };
		F90BCBC31D82992D00552B5F /* Assets.xcassets in Resources */ = {isa = PBXBuildFile; fileRef = F90BCBC21D82992D00552B5F /* Assets.xcassets */; };
		F90BCBC61D82992D00552B5F /* LaunchScreen.storyboard in Resources */ = {isa = PBXBuildFile; fileRef = F90BCBC41D82992D00552B5F /* LaunchScreen.storyboard */; };
		F90BCBCE1D82994B00552B5F /* Datos.swift in Sources */ = {isa = PBXBuildFile; fileRef = F90BCBCD1D82994B00552B5F /* Datos.swift */; };
/* End PBXBuildFile section */

/* Begin PBXFileReference section */
		F90BCBB81D82992D00552B5F /* Hamburguesas.app */ = {isa = PBXFileReference; explicitFileType = wrapper.application; includeInIndex = 0; path = Hamburguesas.app; sourceTree = BUILT_PRODUCTS_DIR; };
		F90BCBBB1D82992D00552B5F /* AppDelegate.swift */ = {isa = PBXFileReference; lastKnownFileType = sourcecode.swift; path = AppDelegate.swift; sourceTree = "<group>"; };
		F90BCBBD1D82992D00552B5F /* ViewController.swift */ = {isa = PBXFileReference; lastKnownFileType = sourcecode.swift; path = ViewController.swift; sourceTree = "<group>"; };
		F90BCBC01D82992D00552B5F /* Base */ = {isa = PBXFileReference; lastKnownFileType = file.storyboard; name = Base; path = Base.lproj/Main.storyboard; sourceTree = "<group>"; };
		F90BCBC21D82992D00552B5F /* Assets.xcassets */ = {isa = PBXFileReference; lastKnownFileType = folder.assetcatalog; path = Assets.xcassets; sourceTree = "<group>"; };
		F90BCBC51D82992D00552B5F /* Base */ = {isa = PBXFileReference; lastKnownFileType = file.storyboard; name = Base; path = Base.lproj/LaunchScreen.storyboard; sourceTree = "<group>"; };
		F90BCBC71D82992D00552B5F /* Info.plist */ = {isa = PBXFileReference; lastKnownFileType = text.plist.xml; path = Info.plist; sourceTree = "<group>"; };
		F90BCBCD1D82994B00552B5F /* Datos.swift */ = {isa = PBXFileReference; fileEncoding = 4; lastKnownFileType = sourcecode.swift; path = Datos.swift; sourceTree = "<group>"; };
/* End PBXFileReference section */

/* Begin PBXFrameworksBuildPhase section */
		F90BCBB51D82992D00552B5F /* Frameworks */ = {
			isa = PBXFrameworksBuildPhase;
			buildActionMask = 2147483647;
			files = (
			);
			runOnlyForDeploymentPostprocessing = 0;
		};
/* End PBXFrameworksBuildPhase section */

/* Begin PBXGroup section */
		F90BCBAF1D82992D00552B5F = {
			isa = PBXGroup;
			children = (
				F90BCBBA1D82992D00552B5F /* Hamburguesas */,
				F90BCBB91D82992D00552B5F /* Products */,
			);
			sourceTree = "<group>";
		};
		F90BCBB91D82992D00552B5F /* Products */ = {
			isa = PBXGroup;
			children = (
				F90BCBB81D82992D00552B5F /* Hamburguesas.app */,
			);
			name = Products;
			sourceTree = "<group>";
		};
		F90BCBBA1D82992D00552B5F /* Hamburguesas */ = {
			isa = PBXGroup;
			children = (
				F90BCBBB1D82992D00552B5F /* AppDelegate.swift */,
				F90BCBBD1D82992D00552B5F /* ViewController.swift */,
				F90BCBBF1D82992D00552B5F /* Main.storyboard */,
				F90BCBC21D82992D00552B5F /* Assets.xcassets */,
				F90BCBC41D82992D00552B5F /* LaunchScreen.storyboard */,
				F90BCBC71D82992D00552B5F /* Info.plist */,
				F90BCBCD1D82994B00552B5F /* Datos.swift */,
			);
			path = Hamburguesas;
			sourceTree = "<group>";
		};
/* End PBXGroup section */

/* Begin PBXNativeTarget section */
		F90BCBB71D82992D00552B5F /* Hamburguesas */ = {
			isa = PBXNativeTarget;
			buildConfigurationList = F90BCBCA1D82992D00552B5F /* Build configuration list for PBXNativeTarget "Hamburguesas" */;
			buildPhases = (
				F90BCBB41D82992D00552B5F /* Sources */,
				F90BCBB51D82992D00552B5F /* Frameworks */,
				F90BCBB61D82992D00552B5F /* Resources */,
			);
			buildRules = (
			);
			dependencies = (
			);
			name = Hamburguesas;
			productName = Hamburguesas;
			productReference = F90BCBB81D82992D00552B5F /* Hamburguesas.app */;
			productType = "com.apple.product-type.application";
		};
/* End PBXNativeTarget section */

/* Begin PBXProject section */
		F90BCBB01D82992D00552B5F /* Project object */ = {
			isa = PBXProject;
			attributes = {
				LastSwiftUpdateCheck = 0730;
				LastUpgradeCheck = 0730;
				ORGANIZATIONNAME = folmedilla;
				TargetAttributes = {
					F90BCBB71D82992D00552B5F = {
						CreatedOnToolsVersion = 7.3.1;
					};
				};
			};
			buildConfigurationList = F90BCBB31D82992D00552B5F /* Build configuration list for PBXProject "Hamburguesas" */;
			compatibilityVersion = "Xcode 3.2";
			developmentRegion = English;
			hasScannedForEncodings = 0;
			knownRegions = (
				en,
				Base,
			);
			mainGroup = F90BCBAF1D82992D00552B5F;
			productRefGroup = F90BCBB91D82992D00552B5F /* Products */;
			projectDirPath = "";
			projectRoot = "";
			targets = (
				F90BCBB71D82992D00552B5F /* Hamburguesas */,
			);
		};
/* End PBXProject section */

/* Begin PBXResourcesBuildPhase section */
		F90BCBB61D82992D00552B5F /* Resources */ = {
			isa = PBXResourcesBuildPhase;
			buildActionMask = 2147483647;
			files = (
				F90BCBC61D82992D00552B5F /* LaunchScreen.storyboard in Resources */,
				F90BCBC31D82992D00552B5F /* Assets.xcassets in Resources */,
				F90BCBC11D82992D00552B5F /* Main.storyboard in Resources */,
			);
			runOnlyForDeploymentPostprocessing = 0;
		};
/* End PBXResourcesBuildPhase section */

/* Begin PBXSourcesBuildPhase section */
		F90BCBB41D82992D00552B5F /* Sources */ = {
			isa = PBXSourcesBuildPhase;
			buildActionMask = 2147483647;
			files = (
				F90BCBBE1D82992D00552B5F /* ViewController.swift in Sources */,
				F90BCBBC1D82992D00552B5F /* AppDelegate.swift in Sources */,
				F90BCBCE1D82994B00552B5F /* Datos.swift in Sources */,
			);
			runOnlyForDeploymentPostprocessing = 0;
		};
/* End PBXSourcesBuildPhase section */

/* Begin PBXVariantGroup section */
		F90BCBBF1D82992D00552B5F /* Main.storyboard */ = {
			isa = PBXVariantGroup;
			children = (
				F90BCBC01D82992D00552B5F /* Base */,
			);
			name = Main.storyboard;
			sourceTree = "<group>";
		};
		F90BCBC41D82992D00552B5F /* LaunchScreen.storyboard */ = {
			isa = PBXVariantGroup;
			children = (
				F90BCBC51D82992D00552B5F /* Base */,
			);
			name = LaunchScreen.storyboard;
			sourceTree = "<group>";
		};
/* End PBXVariantGroup section */

/* Begin XCBuildConfiguration section */
		F90BCBC81D82992D00552B5F /* Debug */ = {
			isa = XCBuildConfiguration;
			buildSettings = {
				ALWAYS_SEARCH_USER_PATHS = NO;
				CLANG_ANALYZER_NONNULL = YES;
				CLANG_CXX_LANGUAGE_STANDARD = "gnu++0x";
				CLANG_CXX_LIBRARY = "libc++";
				CLANG_ENABLE_MODULES = YES;
				CLANG_ENABLE_OBJC_ARC = YES;
				CLANG_WARN_BOOL_CONVERSION = YES;
				CLANG_WARN_CONSTANT_CONVERSION = YES;
				CLANG_WARN_DIRECT_OBJC_ISA_USAGE = YES_ERROR;
				CLANG_WARN_EMPTY_BODY = YES;
				CLANG_WARN_ENUM_CONVERSION = YES;
				CLANG_WARN_INT_CONVERSION = YES;
				CLANG_WARN_OBJC_ROOT_CLASS = YES_ERROR;
				CLANG_WARN_UNREACHABLE_CODE = YES;
				CLANG_WARN__DUPLICATE_METHOD_MATCH = YES;
				"CODE_SIGN_IDENTITY[sdk=iphoneos*]" = "iPhone Developer";
				COPY_PHASE_STRIP = NO;
				DEBUG_INFORMATION_FORMAT = dwarf;
				ENABLE_STRICT_OBJC_MSGSEND = YES;
				ENABLE_TESTABILITY = YES;
				GCC_C_LANGUAGE_STANDARD = gnu99;
				GCC_DYNAMIC_NO_PIC = NO;
				GCC_NO_COMMON_BLOCKS = YES;
				GCC_OPTIMIZATION_LEVEL = 0;
				GCC_PREPROCESSOR_DEFINITIONS = (
					"DEBUG=1",
					"$(inherited)",
				);
				GCC_WARN_64_TO_32_BIT_CONVERSION = YES;
				GCC_WARN_ABOUT_RETURN_TYPE = YES_ERROR;
				GCC_WARN_UNDECLARED_SELECTOR = YES;
				GCC_WARN_UNINITIALIZED_AUTOS = YES_AGGRESSIVE;
				GCC_WARN_UNUSED_FUNCTION = YES;
				GCC_WARN_UNUSED_VARIABLE = YES;
				IPHONEOS_DEPLOYMENT_TARGET = 9.3;
				MTL_ENABLE_DEBUG_INFO = YES;
				ONLY_ACTIVE_ARCH = YES;
				SDKROOT = iphoneos;
				SWIFT_OPTIMIZATION_LEVEL = "-Onone";
			};
			name = Debug;
		};
		F90BCBC91D82992D00552B5F /* Release */ = {
			isa = XCBuildConfiguration;
			buildSettings = {
				ALWAYS_SEARCH_USER_PATHS = NO;
				CLANG_ANALYZER_NONNULL = YES;
				CLANG_CXX_LANGUAGE_STANDARD = "gnu++0x";
				CLANG_CXX_LIBRARY = "libc++";
				CLANG_ENABLE_MODULES = YES;
				CLANG_ENABLE_OBJC_ARC = YES;
				CLANG_WARN_BOOL_CONVERSION = YES;
				CLANG_WARN_CONSTANT_CONVERSION = YES;
				CLANG_WARN_DIRECT_OBJC_ISA_USAGE = YES_ERROR;
				CLANG_WARN_EMPTY_BODY = YES;
				CLANG_WARN_ENUM_CONVERSION = YES;
				CLANG_WARN_INT_CONVERSION = YES;
				CLANG_WARN_OBJC_ROOT_CLASS = YES_ERROR;
				CLANG_WARN_UNREACHABLE_CODE = YES;
				CLANG_WARN__DUPLICATE_METHOD_MATCH = YES;
				"CODE_SIGN_IDENTITY[sdk=iphoneos*]" = "iPhone Developer";
				COPY_PHASE_STRIP = NO;
				DEBUG_INFORMATION_FORMAT = "dwarf-with-dsym";
				ENABLE_NS_ASSERTIONS = NO;
				ENABLE_STRICT_OBJC_MSGSEND = YES;
				GCC_C_LANGUAGE_STANDARD = gnu99;
				GCC_NO_COMMON_BLOCKS = YES;
				GCC_WARN_64_TO_32_BIT_CONVERSION = YES;
				GCC_WARN_ABOUT_RETURN_TYPE = YES_ERROR;
				GCC_WARN_UNDECLARED_SELECTOR = YES;
				GCC_WARN_UNINITIALIZED_AUTOS = YES_AGGRESSIVE;
				GCC_WARN_UNUSED_FUNCTION = YES;
				GCC_WARN_UNUSED_VARIABLE = YES;
				IPHONEOS_DEPLOYMENT_TARGET = 9.3;
				MTL_ENABLE_DEBUG_INFO = NO;
				SDKROOT = iphoneos;
				VALIDATE_PRODUCT = YES;
			};
			name = Release;
		};
		F90BCBCB1D82992D00552B5F /* Debug */ = {
			isa = XCBuildConfiguration;
			buildSettings = {
				ASSETCATALOG_COMPILER_APPICON_NAME = AppIcon;
				INFOPLIST_FILE = Hamburguesas/Info.plist;
				LD_RUNPATH_SEARCH_PATHS = "$(inherited) @executable_path/Frameworks";
				PRODUCT_BUNDLE_IDENTIFIER = com.folmedilla.Hamburguesas;
				PRODUCT_NAME = "$(TARGET_NAME)";
			};
			name = Debug;
		};
		F90BCBCC1D82992D00552B5F /* Release */ = {
			isa = XCBuildConfiguration;
			buildSettings = {
				ASSETCATALOG_COMPILER_APPICON_NAME = AppIcon;
				INFOPLIST_FILE = Hamburguesas/Info.plist;
				LD_RUNPATH_SEARCH_PATHS = "$(inherited) @executable_path/Frameworks";
				PRODUCT_BUNDLE_IDENTIFIER = com.folmedilla.Hamburguesas;
				PRODUCT_NAME = "$(TARGET_NAME)";
			};
			name = Release;
		};
/* End XCBuildConfiguration section */

/* Begin XCConfigurationList section */
		F90BCBB31D82992D00552B5F /* Build configuration list for PBXProject "Hamburguesas" */ = {
			isa = XCConfigurationList;
			buildConfigurations = (
				F90BCBC81D82992D00552B5F /* Debug */,
				F90BCBC91D82992D00552B5F /* Release */,
			);
			defaultConfigurationIsVisible = 0;
			defaultConfigurationName = Release;
		};
		F90BCBCA1D82992D00552B5F /* Build configuration list for PBXNativeTarget "Hamburguesas" */ = {
			isa = XCConfigurationList;
			buildConfigurations = (
				F90BCBCB1D82992D00552B5F /* Debug */,
				F90BCBCC1D82992D00552B5F /* Release */,
			);
			defaultConfigurationIsVisible = 0;
		};
/* End XCConfigurationList section */
	};
	rootObject = F90BCBB01D82992D00552B5F /* Project object */;
}
